{
	"requires": true,
	"lockfileVersion": 1,
	"dependencies": {
		"spr-paid-components": {
			"version": "1.0.0",
			"resolved": "https://registry.npmjs.org/spr-paid-components/-/spr-paid-components-1.0.0.tgz",
			"integrity": "sha512-Eg2rubYQppajOJG2EqWZa8AFUAlV7oEHxIRxmP8P8U79wVVxWCVxKIud1Kf2wasl45DPJSSH1kaAX972beUA+w=="
		}
	}
}
